
Microsoft Visual Studio Solution File, Format Version 11.00
# Visual Studio 2010
Project("{FAE04EC0-301F-11D3-BF4B-00C04F79EFBC}") = "MGGJ18", "Assembly-CSharp.csproj", "{D748FB09-4452-A9FF-6AE1-986F83940B03}"
EndProject
Project("{FAE04EC0-301F-11D3-BF4B-00C04F79EFBC}") = "MGGJ18", "Assembly-CSharp-Editor-firstpass.csproj", "{236C2952-9F2C-F995-CAE8-B3CC45A8F5CA}"
EndProject
Global
	GlobalSection(SolutionConfigurationPlatforms) = preSolution
		Debug|Any CPU = Debug|Any CPU
		Release|Any CPU = Release|Any CPU
	EndGlobalSection
	GlobalSection(ProjectConfigurationPlatforms) = postSolution
		{D748FB09-4452-A9FF-6AE1-986F83940B03}.Debug|Any CPU.ActiveCfg = Debug|Any CPU
		{D748FB09-4452-A9FF-6AE1-986F83940B03}.Debug|Any CPU.Build.0 = Debug|Any CPU
		{D748FB09-4452-A9FF-6AE1-986F83940B03}.Release|Any CPU.ActiveCfg = Release|Any CPU
		{D748FB09-4452-A9FF-6AE1-986F83940B03}.Release|Any CPU.Build.0 = Release|Any CPU
		{236C2952-9F2C-F995-CAE8-B3CC45A8F5CA}.Debug|Any CPU.ActiveCfg = Debug|Any CPU
		{236C2952-9F2C-F995-CAE8-B3CC45A8F5CA}.Debug|Any CPU.Build.0 = Debug|Any CPU
		{236C2952-9F2C-F995-CAE8-B3CC45A8F5CA}.Release|Any CPU.ActiveCfg = Release|Any CPU
		{236C2952-9F2C-F995-CAE8-B3CC45A8F5CA}.Release|Any CPU.Build.0 = Release|Any CPU
	EndGlobalSection
	GlobalSection(SolutionProperties) = preSolution
		HideSolutionNode = FALSE
	EndGlobalSection
	GlobalSection(MonoDevelopProperties) = preSolution
		StartupItem = Assembly-CSharp.csproj
	EndGlobalSection
EndGlobal
